
Microsoft Visual Studio Solution File, Format Version 12.00
# Visual Studio Version 17
VisualStudioVersion = 17.9.34902.65
MinimumVisualStudioVersion = 10.0.40219.1
Project("{FAE04EC0-301F-11D3-BF4B-00C04F79EFBC}") = "HomeFoodOrganizerMAUI", "HomeFoodOrganizerMAUI.csproj", "{5A3F5D65-6647-4503-91F3-BEB4B8CDADBD}"
EndProject
Global
	GlobalSection(SolutionConfigurationPlatforms) = preSolution
		Debug|Any CPU = Debug|Any CPU
		Release|Any CPU = Release|Any CPU
	EndGlobalSection
	GlobalSection(ProjectConfigurationPlatforms) = postSolution
		{5A3F5D65-6647-4503-91F3-BEB4B8CDADBD}.Debug|Any CPU.ActiveCfg = Debug|Any CPU
		{5A3F5D65-6647-4503-91F3-BEB4B8CDADBD}.Debug|Any CPU.Build.0 = Debug|Any CPU
		{5A3F5D65-6647-4503-91F3-BEB4B8CDADBD}.Debug|Any CPU.Deploy.0 = Debug|Any CPU
		{5A3F5D65-6647-4503-91F3-BEB4B8CDADBD}.Release|Any CPU.ActiveCfg = Release|Any CPU
		{5A3F5D65-6647-4503-91F3-BEB4B8CDADBD}.Release|Any CPU.Build.0 = Release|Any CPU
		{5A3F5D65-6647-4503-91F3-BEB4B8CDADBD}.Release|Any CPU.Deploy.0 = Release|Any CPU
	EndGlobalSection
	GlobalSection(SolutionProperties) = preSolution
		HideSolutionNode = FALSE
	EndGlobalSection
	GlobalSection(ExtensibilityGlobals) = postSolution
		SolutionGuid = {90BB24DF-B2C3-4945-8938-C28415C4E0D3}
	EndGlobalSection
EndGlobal
